// !$*UTF8*$!
{
	archiveVersion = 1;
	classes = {
	};
	objectVersion = 50;
	objects = {

/* Begin PBXBuildFile section */
		F1059EE222EC36C6004A8346 /* ViewController+Extension.swift in Sources */ = {isa = PBXBuildFile; fileRef = F1059EE122EC36C6004A8346 /* ViewController+Extension.swift */; };
		F114ADAA21A1C27F00942A28 /* HybridCamLib.h in Headers */ = {isa = PBXBuildFile; fileRef = F114ADA821A1C27F00942A28 /* HybridCamLib.h */; settings = {ATTRIBUTES = (Public, ); }; };
		F114ADAD21A1C27F00942A28 /* HybridCamLib.framework in Frameworks */ = {isa = PBXBuildFile; fileRef = F114ADA621A1C27E00942A28 /* HybridCamLib.framework */; };
		F114ADAE21A1C27F00942A28 /* HybridCamLib.framework in Embed Frameworks */ = {isa = PBXBuildFile; fileRef = F114ADA621A1C27E00942A28 /* HybridCamLib.framework */; settings = {ATTRIBUTES = (CodeSignOnCopy, RemoveHeadersOnCopy, ); }; };
		F114ADB521A1C2E500942A28 /* RecordButtonKind.swift in Sources */ = {isa = PBXBuildFile; fileRef = F114AD9921A1A5D000942A28 /* RecordButtonKind.swift */; };
		F114ADB621A1C2E500942A28 /* TopBarKind.swift in Sources */ = {isa = PBXBuildFile; fileRef = F114AD9721A1A4DE00942A28 /* TopBarKind.swift */; };
		F114ADB721A1C2E500942A28 /* ToggleButtonKind.swift in Sources */ = {isa = PBXBuildFile; fileRef = F114AD9D21A1B94000942A28 /* ToggleButtonKind.swift */; };
		F114ADB821A1C2E500942A28 /* ClickButtonKind.swift in Sources */ = {isa = PBXBuildFile; fileRef = F114AD9F21A1BF5600942A28 /* ClickButtonKind.swift */; };
		F114ADBB21A1C2E500942A28 /* CamUtil.swift in Sources */ = {isa = PBXBuildFile; fileRef = F1ABBEB020D07A11008B13B5 /* CamUtil.swift */; };
		F114ADBC21A1C2E500942A28 /* CamPreviewView.swift in Sources */ = {isa = PBXBuildFile; fileRef = F1ABBEAD20D07A11008B13B5 /* CamPreviewView.swift */; };
		F114ADBD21A1C2E500942A28 /* CamView.swift in Sources */ = {isa = PBXBuildFile; fileRef = F1ABBECB20D07A11008B13B5 /* CamView.swift */; };
		F114ADBE21A1C2E500942A28 /* CamView+Feature.swift in Sources */ = {isa = PBXBuildFile; fileRef = F1ABBEC720D07A11008B13B5 /* CamView+Feature.swift */; };
		F114ADBF21A1C2E500942A28 /* CamView+Photo.swift in Sources */ = {isa = PBXBuildFile; fileRef = F1ABBEC820D07A11008B13B5 /* CamView+Photo.swift */; };
		F114ADC021A1C2E500942A28 /* CamView+Getter.swift in Sources */ = {isa = PBXBuildFile; fileRef = F1ABBEC920D07A11008B13B5 /* CamView+Getter.swift */; };
		F114ADC121A1C2E500942A28 /* CamView+Create.swift in Sources */ = {isa = PBXBuildFile; fileRef = F1ABBECA20D07A11008B13B5 /* CamView+Create.swift */; };
		F114ADC221A1C2E500942A28 /* CamView+Setup.swift in Sources */ = {isa = PBXBuildFile; fileRef = F1ABBECC20D07A11008B13B5 /* CamView+Setup.swift */; };
		F114ADC321A1C2E500942A28 /* CamView+Action.swift in Sources */ = {isa = PBXBuildFile; fileRef = F1ABBECD20D07A11008B13B5 /* CamView+Action.swift */; };
		F114ADC421A1C2E500942A28 /* CamView+Gesture.swift in Sources */ = {isa = PBXBuildFile; fileRef = F1ABBECE20D07A11008B13B5 /* CamView+Gesture.swift */; };
		F114ADC721A1C2E500942A28 /* ImageView.swift in Sources */ = {isa = PBXBuildFile; fileRef = F1ABBED220D07A11008B13B5 /* ImageView.swift */; };
		F114ADC821A1C2E500942A28 /* VideoPlayerView.swift in Sources */ = {isa = PBXBuildFile; fileRef = F1ABBED120D07A11008B13B5 /* VideoPlayerView.swift */; };
		F114ADCB21A1C9C200942A28 /* HybridCamView.swift in Sources */ = {isa = PBXBuildFile; fileRef = F114ADC921A1C73E00942A28 /* HybridCamView.swift */; };
		F114ADD121A1CB3300942A28 /* HybridCamView+Create.swift in Sources */ = {isa = PBXBuildFile; fileRef = F114ADCC21A1CA3F00942A28 /* HybridCamView+Create.swift */; };
		F114ADD221A1CDA000942A28 /* CustomCamView.swift in Sources */ = {isa = PBXBuildFile; fileRef = F1ABBEB120D07A11008B13B5 /* CustomCamView.swift */; };
		F114ADDA21A1D56300942A28 /* CustomProcessView.swift in Sources */ = {isa = PBXBuildFile; fileRef = F1ABBED020D07A11008B13B5 /* CustomProcessView.swift */; };
		F114ADDB21A1D57A00942A28 /* ProcessView.swift in Sources */ = {isa = PBXBuildFile; fileRef = F114ADD621A1D35A00942A28 /* ProcessView.swift */; };
		F114ADDC21A1D57A00942A28 /* ProcessView+Action.swift in Sources */ = {isa = PBXBuildFile; fileRef = F114ADD821A1D40300942A28 /* ProcessView+Action.swift */; };
		F114ADE521A1EF0A00942A28 /* HybridCameraTests.swift in Sources */ = {isa = PBXBuildFile; fileRef = F114ADE421A1EF0A00942A28 /* HybridCameraTests.swift */; };
		F16F61A82340C6BC00574EBE /* AVCaptureSession+Setup.swift in Sources */ = {isa = PBXBuildFile; fileRef = F16F61A72340C6BC00574EBE /* AVCaptureSession+Setup.swift */; };
		F16F61AC2340D31A00574EBE /* AVCaptureDeviceInput+Feature.swift in Sources */ = {isa = PBXBuildFile; fileRef = F16F61AB2340D31A00574EBE /* AVCaptureDeviceInput+Feature.swift */; };
		F16F61AE2340EB8000574EBE /* AVCapturePhotoOutput+Feature.swift in Sources */ = {isa = PBXBuildFile; fileRef = F16F61AD2340EB8000574EBE /* AVCapturePhotoOutput+Feature.swift */; };
		F16F61DD23410ACC00574EBE /* ResultSugariOS.framework in Frameworks */ = {isa = PBXBuildFile; fileRef = F16F61DC23410ACB00574EBE /* ResultSugariOS.framework */; };
		F16F61DF234111C500574EBE /* ResultSugariOS.framework in Frameworks */ = {isa = PBXBuildFile; fileRef = F16F61DE234111C500574EBE /* ResultSugariOS.framework */; };
		F16F61E0234111C500574EBE /* ResultSugariOS.framework in Embed Frameworks */ = {isa = PBXBuildFile; fileRef = F16F61DE234111C500574EBE /* ResultSugariOS.framework */; settings = {ATTRIBUTES = (CodeSignOnCopy, RemoveHeadersOnCopy, ); }; };
		F16F61E22342786E00574EBE /* ViewController+Const.swift in Sources */ = {isa = PBXBuildFile; fileRef = F16F61E12342786E00574EBE /* ViewController+Const.swift */; };
		F16F61E423427FC100574EBE /* ViewController+Create.swift in Sources */ = {isa = PBXBuildFile; fileRef = F16F61E323427FC100574EBE /* ViewController+Create.swift */; };
		F16F61E723439E6700574EBE /* RecordButton+Create.swift in Sources */ = {isa = PBXBuildFile; fileRef = F16F61E623439E6700574EBE /* RecordButton+Create.swift */; };
		F16F61E923439E8900574EBE /* Circle.swift in Sources */ = {isa = PBXBuildFile; fileRef = F16F61E823439E8900574EBE /* Circle.swift */; };
		F16F61EE23439ED300574EBE /* Circle+Create.swift in Sources */ = {isa = PBXBuildFile; fileRef = F16F61ED23439ED300574EBE /* Circle+Create.swift */; };
		F16F61F023439F1300574EBE /* Circle+Const.swift in Sources */ = {isa = PBXBuildFile; fileRef = F16F61EF23439F1300574EBE /* Circle+Const.swift */; };
		F16F61F42343A57D00574EBE /* AVCaptureDevice+Feature.swift in Sources */ = {isa = PBXBuildFile; fileRef = F16F61F32343A57D00574EBE /* AVCaptureDevice+Feature.swift */; };
		F1972E6E233D09A300CE772C /* HybridCamView+TypeAlias.swift in Sources */ = {isa = PBXBuildFile; fileRef = F1972E6D233D09A300CE772C /* HybridCamView+TypeAlias.swift */; };
		F1972E70233D09D300CE772C /* HybridCamView+Event.swift in Sources */ = {isa = PBXBuildFile; fileRef = F1972E6F233D09D300CE772C /* HybridCamView+Event.swift */; };
		F1972E73233D0A1100CE772C /* RecordButtonKind+TypeAlias.swift in Sources */ = {isa = PBXBuildFile; fileRef = F1972E72233D0A1100CE772C /* RecordButtonKind+TypeAlias.swift */; };
		F1972E75233D0A6B00CE772C /* RecordButtonKind+Const.swift in Sources */ = {isa = PBXBuildFile; fileRef = F1972E74233D0A6B00CE772C /* RecordButtonKind+Const.swift */; };
		F1972E7B233D0B6F00CE772C /* ToggleButtonKind+TypeAlias.swift in Sources */ = {isa = PBXBuildFile; fileRef = F1972E7A233D0B6F00CE772C /* ToggleButtonKind+TypeAlias.swift */; };
		F1972E7D233D0B8200CE772C /* ToggleButtonKind+Const.swift in Sources */ = {isa = PBXBuildFile; fileRef = F1972E7C233D0B8200CE772C /* ToggleButtonKind+Const.swift */; };
		F1972E80233D0BEE00CE772C /* ClickButtonKind+TypeAlias.swift in Sources */ = {isa = PBXBuildFile; fileRef = F1972E7F233D0BEE00CE772C /* ClickButtonKind+TypeAlias.swift */; };
		F1972E82233D0BF800CE772C /* ClickButtonKind+Const.swift in Sources */ = {isa = PBXBuildFile; fileRef = F1972E81233D0BF800CE772C /* ClickButtonKind+Const.swift */; };
		F1972E84233D0CA600CE772C /* TopBarViewKind.swift in Sources */ = {isa = PBXBuildFile; fileRef = F1972E83233D0CA600CE772C /* TopBarViewKind.swift */; };
		F1972E86233D0CF100CE772C /* RecordButtonViewKind.swift in Sources */ = {isa = PBXBuildFile; fileRef = F1972E85233D0CF100CE772C /* RecordButtonViewKind.swift */; };
		F1972E89233D0D4800CE772C /* SetupError.swift in Sources */ = {isa = PBXBuildFile; fileRef = F1972E88233D0D4800CE772C /* SetupError.swift */; };
		F1972E8B233D0D5500CE772C /* CaptureError.swift in Sources */ = {isa = PBXBuildFile; fileRef = F1972E8A233D0D5500CE772C /* CaptureError.swift */; };
		F1972E8D233D0DBB00CE772C /* CamView+TypeAlias.swift in Sources */ = {isa = PBXBuildFile; fileRef = F1972E8C233D0DBB00CE772C /* CamView+TypeAlias.swift */; };
		F1972E8F233D0DC300CE772C /* CamView+Const.swift in Sources */ = {isa = PBXBuildFile; fileRef = F1972E8E233D0DC300CE772C /* CamView+Const.swift */; };
		F1972E91233D103100CE772C /* CamPreviewView+Create.swift in Sources */ = {isa = PBXBuildFile; fileRef = F1972E90233D103100CE772C /* CamPreviewView+Create.swift */; };
		F1972E93233D16A800CE772C /* CamView+ViewFinder.swift in Sources */ = {isa = PBXBuildFile; fileRef = F1972E92233D16A800CE772C /* CamView+ViewFinder.swift */; };
		F1972E95233D172300CE772C /* CamView+Video.swift in Sources */ = {isa = PBXBuildFile; fileRef = F1972E94233D172300CE772C /* CamView+Video.swift */; };
		F1972E97233D1CE600CE772C /* TopBar+Create.swift in Sources */ = {isa = PBXBuildFile; fileRef = F1972E96233D1CE600CE772C /* TopBar+Create.swift */; };
		F1972E9A233D20AA00CE772C /* RoundButton+Event.swift in Sources */ = {isa = PBXBuildFile; fileRef = F1972E99233D20AA00CE772C /* RoundButton+Event.swift */; };
		F1972E9D233D20D400CE772C /* ToggleButton+Event.swift in Sources */ = {isa = PBXBuildFile; fileRef = F1972E9C233D20D400CE772C /* ToggleButton+Event.swift */; };
		F1972EA0233D211900CE772C /* ClickButton+Event.swift in Sources */ = {isa = PBXBuildFile; fileRef = F1972E9F233D211900CE772C /* ClickButton+Event.swift */; };
		F1972EA3233D214100CE772C /* ShareButton+Event.swift in Sources */ = {isa = PBXBuildFile; fileRef = F1972EA2233D214100CE772C /* ShareButton+Event.swift */; };
		F1972EA5233D215200CE772C /* ShareButton+Style.swift in Sources */ = {isa = PBXBuildFile; fileRef = F1972EA4233D215200CE772C /* ShareButton+Style.swift */; };
		F1972EA8233D219C00CE772C /* ExitButton+Const.swift in Sources */ = {isa = PBXBuildFile; fileRef = F1972EA7233D219C00CE772C /* ExitButton+Const.swift */; };
		F1972EAB233D21BE00CE772C /* FlipButton+Const.swift in Sources */ = {isa = PBXBuildFile; fileRef = F1972EAA233D21BE00CE772C /* FlipButton+Const.swift */; };
		F1972EAE233D226800CE772C /* FlashButton+Event.swift in Sources */ = {isa = PBXBuildFile; fileRef = F1972EAD233D226800CE772C /* FlashButton+Event.swift */; };
		F1972EB1233F3B8400CE772C /* FileUtil.swift in Sources */ = {isa = PBXBuildFile; fileRef = F1972EB0233F3B8400CE772C /* FileUtil.swift */; };
		F1972EB3233F416100CE772C /* CamUtil+Error.swift in Sources */ = {isa = PBXBuildFile; fileRef = F1972EB2233F416100CE772C /* CamUtil+Error.swift */; };
		F1AA7579226B4E5000D4C272 /* With.framework in Frameworks */ = {isa = PBXBuildFile; fileRef = F1AA7578226B4E5000D4C272 /* With.framework */; };
		F1AA757E226B4E9200D4C272 /* CamUtil+TypeAlias.swift in Sources */ = {isa = PBXBuildFile; fileRef = F1AA757B226B4E9100D4C272 /* CamUtil+TypeAlias.swift */; };
		F1AA7580226C6D2200D4C272 /* With.framework in Frameworks */ = {isa = PBXBuildFile; fileRef = F1AA7578226B4E5000D4C272 /* With.framework */; };
		F1AA7581226C6D2200D4C272 /* With.framework in Embed Frameworks */ = {isa = PBXBuildFile; fileRef = F1AA7578226B4E5000D4C272 /* With.framework */; settings = {ATTRIBUTES = (CodeSignOnCopy, RemoveHeadersOnCopy, ); }; };
		F1ABBEA220D0798B008B13B5 /* LaunchScreen.storyboard in Resources */ = {isa = PBXBuildFile; fileRef = F1ABBEA020D0798B008B13B5 /* LaunchScreen.storyboard */; };
		F1ABBED620D07A12008B13B5 /* ViewController.swift in Sources */ = {isa = PBXBuildFile; fileRef = F1ABBEA920D07A11008B13B5 /* ViewController.swift */; };
		F1ABBEDD20D07A12008B13B5 /* RecordButton+Anim.swift in Sources */ = {isa = PBXBuildFile; fileRef = F1ABBEB620D07A11008B13B5 /* RecordButton+Anim.swift */; };
		F1ABBEDF20D07A12008B13B5 /* RecordButton+Const.swift in Sources */ = {isa = PBXBuildFile; fileRef = F1ABBEB820D07A11008B13B5 /* RecordButton+Const.swift */; };
		F1ABBEE020D07A12008B13B5 /* RecordButton+Event.swift in Sources */ = {isa = PBXBuildFile; fileRef = F1ABBEB920D07A11008B13B5 /* RecordButton+Event.swift */; };
		F1ABBEE120D07A12008B13B5 /* RecordButton.swift in Sources */ = {isa = PBXBuildFile; fileRef = F1ABBEBA20D07A11008B13B5 /* RecordButton.swift */; };
		F1ABBEE220D07A12008B13B5 /* RoundButton.swift in Sources */ = {isa = PBXBuildFile; fileRef = F1ABBEBC20D07A11008B13B5 /* RoundButton.swift */; };
		F1ABBEE320D07A12008B13B5 /* ToggleButton.swift in Sources */ = {isa = PBXBuildFile; fileRef = F1ABBEBD20D07A11008B13B5 /* ToggleButton.swift */; };
		F1ABBEE420D07A12008B13B5 /* ClickButton.swift in Sources */ = {isa = PBXBuildFile; fileRef = F1ABBEBE20D07A11008B13B5 /* ClickButton.swift */; };
		F1ABBEE520D07A12008B13B5 /* ShareButton.swift in Sources */ = {isa = PBXBuildFile; fileRef = F1ABBEBF20D07A11008B13B5 /* ShareButton.swift */; };
		F1ABBEE620D07A12008B13B5 /* TopBar.swift in Sources */ = {isa = PBXBuildFile; fileRef = F1ABBEC120D07A11008B13B5 /* TopBar.swift */; };
		F1ABBEE720D07A12008B13B5 /* ExitButton.swift in Sources */ = {isa = PBXBuildFile; fileRef = F1ABBEC320D07A11008B13B5 /* ExitButton.swift */; };
		F1ABBEE820D07A12008B13B5 /* FlipButton.swift in Sources */ = {isa = PBXBuildFile; fileRef = F1ABBEC420D07A11008B13B5 /* FlipButton.swift */; };
		F1ABBEE920D07A12008B13B5 /* FlashButton.swift in Sources */ = {isa = PBXBuildFile; fileRef = F1ABBEC520D07A11008B13B5 /* FlashButton.swift */; };
		F1ABBEF620D07A12008B13B5 /* AppDelegate.swift in Sources */ = {isa = PBXBuildFile; fileRef = F1ABBED420D07A11008B13B5 /* AppDelegate.swift */; };
		F1ABBEF720D07A12008B13B5 /* Assets.xcassets in Resources */ = {isa = PBXBuildFile; fileRef = F1ABBED520D07A12008B13B5 /* Assets.xcassets */; };
		F1CB286622E9C61A00C2A8CF /* ProcessView+Create.swift in Sources */ = {isa = PBXBuildFile; fileRef = F1CB286522E9C61A00C2A8CF /* ProcessView+Create.swift */; };
		F1CB286822E9C64B00C2A8CF /* ProcessView+Event.swift in Sources */ = {isa = PBXBuildFile; fileRef = F1CB286722E9C64B00C2A8CF /* ProcessView+Event.swift */; };
		F1CB286A22E9C67900C2A8CF /* ProcessView+Helper.swift in Sources */ = {isa = PBXBuildFile; fileRef = F1CB286922E9C67900C2A8CF /* ProcessView+Helper.swift */; };
		F1CB286C22E9C6A300C2A8CF /* ProcessView+TypeAlias.swift in Sources */ = {isa = PBXBuildFile; fileRef = F1CB286B22E9C6A300C2A8CF /* ProcessView+TypeAlias.swift */; };
		F1CB286E22E9C6B400C2A8CF /* ProcessView+Const.swift in Sources */ = {isa = PBXBuildFile; fileRef = F1CB286D22E9C6B400C2A8CF /* ProcessView+Const.swift */; };
		F1E786B222EE4F29002007EE /* VideoPlayerView+Create.swift in Sources */ = {isa = PBXBuildFile; fileRef = F1E786B122EE4F29002007EE /* VideoPlayerView+Create.swift */; };
		F1E786B422EE4F42002007EE /* VideoPlayerView+Action.swift in Sources */ = {isa = PBXBuildFile; fileRef = F1E786B322EE4F42002007EE /* VideoPlayerView+Action.swift */; };
		F1E786B622EE4F9C002007EE /* VideoPlayerView +Event.swift in Sources */ = {isa = PBXBuildFile; fileRef = F1E786B522EE4F9C002007EE /* VideoPlayerView +Event.swift */; };
		F1E786B822EE50D7002007EE /* VideoPlayerView+Close.swift in Sources */ = {isa = PBXBuildFile; fileRef = F1E786B722EE50D7002007EE /* VideoPlayerView+Close.swift */; };
		F1E786BA22EE51D6002007EE /* ImageView+Extension.swift in Sources */ = {isa = PBXBuildFile; fileRef = F1E786B922EE51D6002007EE /* ImageView+Extension.swift */; };
		F1E786BC22EE52C4002007EE /* CamView+GestureHandler.swift in Sources */ = {isa = PBXBuildFile; fileRef = F1E786BB22EE52C4002007EE /* CamView+GestureHandler.swift */; };
/* End PBXBuildFile section */

/* Begin PBXContainerItemProxy section */
		F114ADAB21A1C27F00942A28 /* PBXContainerItemProxy */ = {
			isa = PBXContainerItemProxy;
			containerPortal = F1ABBE8C20D0798A008B13B5 /* Project object */;
			proxyType = 1;
			remoteGlobalIDString = F114ADA521A1C27E00942A28;
			remoteInfo = HybridCamLib;
		};
		F114ADE721A1EF0A00942A28 /* PBXContainerItemProxy */ = {
			isa = PBXContainerItemProxy;
			containerPortal = F1ABBE8C20D0798A008B13B5 /* Project object */;
			proxyType = 1;
			remoteGlobalIDString = F1ABBE9320D0798A008B13B5;
			remoteInfo = HybridCamera;
		};
/* End PBXContainerItemProxy section */

/* Begin PBXCopyFilesBuildPhase section */
		F114ADB221A1C27F00942A28 /* Embed Frameworks */ = {
			isa = PBXCopyFilesBuildPhase;
			buildActionMask = 2147483647;
			dstPath = "";
			dstSubfolderSpec = 10;
			files = (
				F16F61E0234111C500574EBE /* ResultSugariOS.framework in Embed Frameworks */,
				F1AA7581226C6D2200D4C272 /* With.framework in Embed Frameworks */,
				F114ADAE21A1C27F00942A28 /* HybridCamLib.framework in Embed Frameworks */,
			);
			name = "Embed Frameworks";
			runOnlyForDeploymentPostprocessing = 0;
		};
/* End PBXCopyFilesBuildPhase section */

/* Begin PBXFileReference section */
		F1059EE122EC36C6004A8346 /* ViewController+Extension.swift */ = {isa = PBXFileReference; lastKnownFileType = sourcecode.swift; path = "ViewController+Extension.swift"; sourceTree = "<group>"; };
		F114AD9721A1A4DE00942A28 /* TopBarKind.swift */ = {isa = PBXFileReference; lastKnownFileType = sourcecode.swift; path = TopBarKind.swift; sourceTree = "<group>"; };
		F114AD9921A1A5D000942A28 /* RecordButtonKind.swift */ = {isa = PBXFileReference; lastKnownFileType = sourcecode.swift; path = RecordButtonKind.swift; sourceTree = "<group>"; };
		F114AD9D21A1B94000942A28 /* ToggleButtonKind.swift */ = {isa = PBXFileReference; lastKnownFileType = sourcecode.swift; path = ToggleButtonKind.swift; sourceTree = "<group>"; };
		F114AD9F21A1BF5600942A28 /* ClickButtonKind.swift */ = {isa = PBXFileReference; lastKnownFileType = sourcecode.swift; path = ClickButtonKind.swift; sourceTree = "<group>"; };
		F114ADA621A1C27E00942A28 /* HybridCamLib.framework */ = {isa = PBXFileReference; explicitFileType = wrapper.framework; includeInIndex = 0; path = HybridCamLib.framework; sourceTree = BUILT_PRODUCTS_DIR; };
		F114ADA821A1C27F00942A28 /* HybridCamLib.h */ = {isa = PBXFileReference; lastKnownFileType = sourcecode.c.h; path = HybridCamLib.h; sourceTree = "<group>"; };
		F114ADA921A1C27F00942A28 /* Info.plist */ = {isa = PBXFileReference; lastKnownFileType = text.plist.xml; path = Info.plist; sourceTree = "<group>"; };
		F114ADC921A1C73E00942A28 /* HybridCamView.swift */ = {isa = PBXFileReference; lastKnownFileType = sourcecode.swift; path = HybridCamView.swift; sourceTree = "<group>"; };
		F114ADCC21A1CA3F00942A28 /* HybridCamView+Create.swift */ = {isa = PBXFileReference; lastKnownFileType = sourcecode.swift; path = "HybridCamView+Create.swift"; sourceTree = "<group>"; };
		F114ADD621A1D35A00942A28 /* ProcessView.swift */ = {isa = PBXFileReference; lastKnownFileType = sourcecode.swift; path = ProcessView.swift; sourceTree = "<group>"; };
		F114ADD821A1D40300942A28 /* ProcessView+Action.swift */ = {isa = PBXFileReference; lastKnownFileType = sourcecode.swift; path = "ProcessView+Action.swift"; sourceTree = "<group>"; };
		F114ADE221A1EF0A00942A28 /* HybridCameraTests.xctest */ = {isa = PBXFileReference; explicitFileType = wrapper.cfbundle; includeInIndex = 0; path = HybridCameraTests.xctest; sourceTree = BUILT_PRODUCTS_DIR; };
		F114ADE421A1EF0A00942A28 /* HybridCameraTests.swift */ = {isa = PBXFileReference; lastKnownFileType = sourcecode.swift; path = HybridCameraTests.swift; sourceTree = "<group>"; };
		F114ADE621A1EF0A00942A28 /* Info.plist */ = {isa = PBXFileReference; lastKnownFileType = text.plist.xml; path = Info.plist; sourceTree = "<group>"; };
		F16F61A72340C6BC00574EBE /* AVCaptureSession+Setup.swift */ = {isa = PBXFileReference; lastKnownFileType = sourcecode.swift; path = "AVCaptureSession+Setup.swift"; sourceTree = "<group>"; };
		F16F61AB2340D31A00574EBE /* AVCaptureDeviceInput+Feature.swift */ = {isa = PBXFileReference; lastKnownFileType = sourcecode.swift; path = "AVCaptureDeviceInput+Feature.swift"; sourceTree = "<group>"; };
		F16F61AD2340EB8000574EBE /* AVCapturePhotoOutput+Feature.swift */ = {isa = PBXFileReference; lastKnownFileType = sourcecode.swift; path = "AVCapturePhotoOutput+Feature.swift"; sourceTree = "<group>"; };
		F16F61DC23410ACB00574EBE /* ResultSugariOS.framework */ = {isa = PBXFileReference; lastKnownFileType = wrapper.framework; name = ResultSugariOS.framework; path = Carthage/Build/iOS/ResultSugariOS.framework; sourceTree = "<group>"; };
		F16F61DE234111C500574EBE /* ResultSugariOS.framework */ = {isa = PBXFileReference; lastKnownFileType = wrapper.framework; name = ResultSugariOS.framework; path = Carthage/Build/iOS/ResultSugariOS.framework; sourceTree = "<group>"; };
		F16F61E12342786E00574EBE /* ViewController+Const.swift */ = {isa = PBXFileReference; lastKnownFileType = sourcecode.swift; path = "ViewController+Const.swift"; sourceTree = "<group>"; };
		F16F61E323427FC100574EBE /* ViewController+Create.swift */ = {isa = PBXFileReference; lastKnownFileType = sourcecode.swift; path = "ViewController+Create.swift"; sourceTree = "<group>"; };
		F16F61E623439E6700574EBE /* RecordButton+Create.swift */ = {isa = PBXFileReference; lastKnownFileType = sourcecode.swift; path = "RecordButton+Create.swift"; sourceTree = "<group>"; };
		F16F61E823439E8900574EBE /* Circle.swift */ = {isa = PBXFileReference; lastKnownFileType = sourcecode.swift; name = Circle.swift; path = HybridCamera/src/ui/button/RecordButton/Circle.swift; sourceTree = SOURCE_ROOT; };
		F16F61ED23439ED300574EBE /* Circle+Create.swift */ = {isa = PBXFileReference; lastKnownFileType = sourcecode.swift; path = "Circle+Create.swift"; sourceTree = "<group>"; };
		F16F61EF23439F1300574EBE /* Circle+Const.swift */ = {isa = PBXFileReference; lastKnownFileType = sourcecode.swift; path = "Circle+Const.swift"; sourceTree = "<group>"; };
		F16F61F32343A57D00574EBE /* AVCaptureDevice+Feature.swift */ = {isa = PBXFileReference; lastKnownFileType = sourcecode.swift; path = "AVCaptureDevice+Feature.swift"; sourceTree = "<group>"; };
		F1972E6D233D09A300CE772C /* HybridCamView+TypeAlias.swift */ = {isa = PBXFileReference; lastKnownFileType = sourcecode.swift; path = "HybridCamView+TypeAlias.swift"; sourceTree = "<group>"; };
		F1972E6F233D09D300CE772C /* HybridCamView+Event.swift */ = {isa = PBXFileReference; lastKnownFileType = sourcecode.swift; path = "HybridCamView+Event.swift"; sourceTree = "<group>"; };
		F1972E72233D0A1100CE772C /* RecordButtonKind+TypeAlias.swift */ = {isa = PBXFileReference; lastKnownFileType = sourcecode.swift; path = "RecordButtonKind+TypeAlias.swift"; sourceTree = "<group>"; };
		F1972E74233D0A6B00CE772C /* RecordButtonKind+Const.swift */ = {isa = PBXFileReference; lastKnownFileType = sourcecode.swift; path = "RecordButtonKind+Const.swift"; sourceTree = "<group>"; };
		F1972E7A233D0B6F00CE772C /* ToggleButtonKind+TypeAlias.swift */ = {isa = PBXFileReference; lastKnownFileType = sourcecode.swift; path = "ToggleButtonKind+TypeAlias.swift"; sourceTree = "<group>"; };
		F1972E7C233D0B8200CE772C /* ToggleButtonKind+Const.swift */ = {isa = PBXFileReference; lastKnownFileType = sourcecode.swift; path = "ToggleButtonKind+Const.swift"; sourceTree = "<group>"; };
		F1972E7F233D0BEE00CE772C /* ClickButtonKind+TypeAlias.swift */ = {isa = PBXFileReference; lastKnownFileType = sourcecode.swift; name = "ClickButtonKind+TypeAlias.swift"; path = "HybridCamLib/src/ui/button/ToggleButtonKind/ClickButtonKind+TypeAlias.swift"; sourceTree = SOURCE_ROOT; };
		F1972E81233D0BF800CE772C /* ClickButtonKind+Const.swift */ = {isa = PBXFileReference; lastKnownFileType = sourcecode.swift; name = "ClickButtonKind+Const.swift"; path = "HybridCamLib/src/ui/button/ToggleButtonKind/ClickButtonKind+Const.swift"; sourceTree = SOURCE_ROOT; };
		F1972E83233D0CA600CE772C /* TopBarViewKind.swift */ = {isa = PBXFileReference; lastKnownFileType = sourcecode.swift; path = TopBarViewKind.swift; sourceTree = "<group>"; };
		F1972E85233D0CF100CE772C /* RecordButtonViewKind.swift */ = {isa = PBXFileReference; lastKnownFileType = sourcecode.swift; name = RecordButtonViewKind.swift; path = HybridCamLib/src/ui/TopBarKind/RecordButtonViewKind.swift; sourceTree = SOURCE_ROOT; };
		F1972E88233D0D4800CE772C /* SetupError.swift */ = {isa = PBXFileReference; lastKnownFileType = sourcecode.swift; path = SetupError.swift; sourceTree = "<group>"; };
		F1972E8A233D0D5500CE772C /* CaptureError.swift */ = {isa = PBXFileReference; lastKnownFileType = sourcecode.swift; path = CaptureError.swift; sourceTree = "<group>"; };
		F1972E8C233D0DBB00CE772C /* CamView+TypeAlias.swift */ = {isa = PBXFileReference; lastKnownFileType = sourcecode.swift; path = "CamView+TypeAlias.swift"; sourceTree = "<group>"; };
		F1972E8E233D0DC300CE772C /* CamView+Const.swift */ = {isa = PBXFileReference; lastKnownFileType = sourcecode.swift; path = "CamView+Const.swift"; sourceTree = "<group>"; };
		F1972E90233D103100CE772C /* CamPreviewView+Create.swift */ = {isa = PBXFileReference; lastKnownFileType = sourcecode.swift; path = "CamPreviewView+Create.swift"; sourceTree = "<group>"; };
		F1972E92233D16A800CE772C /* CamView+ViewFinder.swift */ = {isa = PBXFileReference; lastKnownFileType = sourcecode.swift; path = "CamView+ViewFinder.swift"; sourceTree = "<group>"; };
		F1972E94233D172300CE772C /* CamView+Video.swift */ = {isa = PBXFileReference; lastKnownFileType = sourcecode.swift; path = "CamView+Video.swift"; sourceTree = "<group>"; };
		F1972E96233D1CE600CE772C /* TopBar+Create.swift */ = {isa = PBXFileReference; lastKnownFileType = sourcecode.swift; path = "TopBar+Create.swift"; sourceTree = "<group>"; };
		F1972E99233D20AA00CE772C /* RoundButton+Event.swift */ = {isa = PBXFileReference; lastKnownFileType = sourcecode.swift; path = "RoundButton+Event.swift"; sourceTree = "<group>"; };
		F1972E9C233D20D400CE772C /* ToggleButton+Event.swift */ = {isa = PBXFileReference; lastKnownFileType = sourcecode.swift; path = "ToggleButton+Event.swift"; sourceTree = "<group>"; };
		F1972E9F233D211900CE772C /* ClickButton+Event.swift */ = {isa = PBXFileReference; lastKnownFileType = sourcecode.swift; path = "ClickButton+Event.swift"; sourceTree = "<group>"; };
		F1972EA2233D214100CE772C /* ShareButton+Event.swift */ = {isa = PBXFileReference; lastKnownFileType = sourcecode.swift; path = "ShareButton+Event.swift"; sourceTree = "<group>"; };
		F1972EA4233D215200CE772C /* ShareButton+Style.swift */ = {isa = PBXFileReference; lastKnownFileType = sourcecode.swift; path = "ShareButton+Style.swift"; sourceTree = "<group>"; };
		F1972EA7233D219C00CE772C /* ExitButton+Const.swift */ = {isa = PBXFileReference; lastKnownFileType = sourcecode.swift; path = "ExitButton+Const.swift"; sourceTree = "<group>"; };
		F1972EAA233D21BE00CE772C /* FlipButton+Const.swift */ = {isa = PBXFileReference; lastKnownFileType = sourcecode.swift; path = "FlipButton+Const.swift"; sourceTree = "<group>"; };
		F1972EAD233D226800CE772C /* FlashButton+Event.swift */ = {isa = PBXFileReference; lastKnownFileType = sourcecode.swift; path = "FlashButton+Event.swift"; sourceTree = "<group>"; };
		F1972EB0233F3B8400CE772C /* FileUtil.swift */ = {isa = PBXFileReference; lastKnownFileType = sourcecode.swift; path = FileUtil.swift; sourceTree = "<group>"; };
		F1972EB2233F416100CE772C /* CamUtil+Error.swift */ = {isa = PBXFileReference; lastKnownFileType = sourcecode.swift; path = "CamUtil+Error.swift"; sourceTree = "<group>"; };
		F1AA7578226B4E5000D4C272 /* With.framework */ = {isa = PBXFileReference; lastKnownFileType = wrapper.framework; name = With.framework; path = Carthage/Build/iOS/With.framework; sourceTree = "<group>"; };
		F1AA757B226B4E9100D4C272 /* CamUtil+TypeAlias.swift */ = {isa = PBXFileReference; fileEncoding = 4; lastKnownFileType = sourcecode.swift; path = "CamUtil+TypeAlias.swift"; sourceTree = "<group>"; };
		F1ABBE9420D0798A008B13B5 /* HybridCamera.app */ = {isa = PBXFileReference; explicitFileType = wrapper.application; includeInIndex = 0; path = HybridCamera.app; sourceTree = BUILT_PRODUCTS_DIR; };
		F1ABBEA120D0798B008B13B5 /* Base */ = {isa = PBXFileReference; lastKnownFileType = file.storyboard; name = Base; path = Base.lproj/LaunchScreen.storyboard; sourceTree = "<group>"; };
		F1ABBEA920D07A11008B13B5 /* ViewController.swift */ = {isa = PBXFileReference; fileEncoding = 4; lastKnownFileType = sourcecode.swift; path = ViewController.swift; sourceTree = "<group>"; };
		F1ABBEAA20D07A11008B13B5 /* Info.plist */ = {isa = PBXFileReference; fileEncoding = 4; lastKnownFileType = text.plist.xml; path = Info.plist; sourceTree = "<group>"; };
		F1ABBEAD20D07A11008B13B5 /* CamPreviewView.swift */ = {isa = PBXFileReference; fileEncoding = 4; lastKnownFileType = sourcecode.swift; path = CamPreviewView.swift; sourceTree = "<group>"; };
		F1ABBEB020D07A11008B13B5 /* CamUtil.swift */ = {isa = PBXFileReference; fileEncoding = 4; lastKnownFileType = sourcecode.swift; path = CamUtil.swift; sourceTree = "<group>"; };
		F1ABBEB120D07A11008B13B5 /* CustomCamView.swift */ = {isa = PBXFileReference; fileEncoding = 4; lastKnownFileType = sourcecode.swift; path = CustomCamView.swift; sourceTree = "<group>"; };
		F1ABBEB620D07A11008B13B5 /* RecordButton+Anim.swift */ = {isa = PBXFileReference; fileEncoding = 4; lastKnownFileType = sourcecode.swift; path = "RecordButton+Anim.swift"; sourceTree = "<group>"; };
		F1ABBEB820D07A11008B13B5 /* RecordButton+Const.swift */ = {isa = PBXFileReference; fileEncoding = 4; lastKnownFileType = sourcecode.swift; path = "RecordButton+Const.swift"; sourceTree = "<group>"; };
		F1ABBEB920D07A11008B13B5 /* RecordButton+Event.swift */ = {isa = PBXFileReference; fileEncoding = 4; lastKnownFileType = sourcecode.swift; path = "RecordButton+Event.swift"; sourceTree = "<group>"; };
		F1ABBEBA20D07A11008B13B5 /* RecordButton.swift */ = {isa = PBXFileReference; fileEncoding = 4; lastKnownFileType = sourcecode.swift; path = RecordButton.swift; sourceTree = "<group>"; };
		F1ABBEBC20D07A11008B13B5 /* RoundButton.swift */ = {isa = PBXFileReference; fileEncoding = 4; lastKnownFileType = sourcecode.swift; path = RoundButton.swift; sourceTree = "<group>"; };
		F1ABBEBD20D07A11008B13B5 /* ToggleButton.swift */ = {isa = PBXFileReference; fileEncoding = 4; lastKnownFileType = sourcecode.swift; path = ToggleButton.swift; sourceTree = "<group>"; };
		F1ABBEBE20D07A11008B13B5 /* ClickButton.swift */ = {isa = PBXFileReference; fileEncoding = 4; lastKnownFileType = sourcecode.swift; path = ClickButton.swift; sourceTree = "<group>"; };
		F1ABBEBF20D07A11008B13B5 /* ShareButton.swift */ = {isa = PBXFileReference; fileEncoding = 4; lastKnownFileType = sourcecode.swift; path = ShareButton.swift; sourceTree = "<group>"; };
		F1ABBEC120D07A11008B13B5 /* TopBar.swift */ = {isa = PBXFileReference; fileEncoding = 4; lastKnownFileType = sourcecode.swift; path = TopBar.swift; sourceTree = "<group>"; };
		F1ABBEC320D07A11008B13B5 /* ExitButton.swift */ = {isa = PBXFileReference; fileEncoding = 4; lastKnownFileType = sourcecode.swift; path = ExitButton.swift; sourceTree = "<group>"; };
		F1ABBEC420D07A11008B13B5 /* FlipButton.swift */ = {isa = PBXFileReference; fileEncoding = 4; lastKnownFileType = sourcecode.swift; path = FlipButton.swift; sourceTree = "<group>"; };
		F1ABBEC520D07A11008B13B5 /* FlashButton.swift */ = {isa = PBXFileReference; fileEncoding = 4; lastKnownFileType = sourcecode.swift; path = FlashButton.swift; sourceTree = "<group>"; };
		F1ABBEC720D07A11008B13B5 /* CamView+Feature.swift */ = {isa = PBXFileReference; fileEncoding = 4; lastKnownFileType = sourcecode.swift; path = "CamView+Feature.swift"; sourceTree = "<group>"; };
		F1ABBEC820D07A11008B13B5 /* CamView+Photo.swift */ = {isa = PBXFileReference; fileEncoding = 4; lastKnownFileType = sourcecode.swift; path = "CamView+Photo.swift"; sourceTree = "<group>"; };
		F1ABBEC920D07A11008B13B5 /* CamView+Getter.swift */ = {isa = PBXFileReference; fileEncoding = 4; lastKnownFileType = sourcecode.swift; path = "CamView+Getter.swift"; sourceTree = "<group>"; };
		F1ABBECA20D07A11008B13B5 /* CamView+Create.swift */ = {isa = PBXFileReference; fileEncoding = 4; lastKnownFileType = sourcecode.swift; path = "CamView+Create.swift"; sourceTree = "<group>"; };
		F1ABBECB20D07A11008B13B5 /* CamView.swift */ = {isa = PBXFileReference; fileEncoding = 4; lastKnownFileType = sourcecode.swift; path = CamView.swift; sourceTree = "<group>"; };
		F1ABBECC20D07A11008B13B5 /* CamView+Setup.swift */ = {isa = PBXFileReference; fileEncoding = 4; lastKnownFileType = sourcecode.swift; path = "CamView+Setup.swift"; sourceTree = "<group>"; };
		F1ABBECD20D07A11008B13B5 /* CamView+Action.swift */ = {isa = PBXFileReference; fileEncoding = 4; lastKnownFileType = sourcecode.swift; path = "CamView+Action.swift"; sourceTree = "<group>"; };
		F1ABBECE20D07A11008B13B5 /* CamView+Gesture.swift */ = {isa = PBXFileReference; fileEncoding = 4; lastKnownFileType = sourcecode.swift; path = "CamView+Gesture.swift"; sourceTree = "<group>"; };
		F1ABBED020D07A11008B13B5 /* CustomProcessView.swift */ = {isa = PBXFileReference; fileEncoding = 4; lastKnownFileType = sourcecode.swift; path = CustomProcessView.swift; sourceTree = "<group>"; };
		F1ABBED120D07A11008B13B5 /* VideoPlayerView.swift */ = {isa = PBXFileReference; fileEncoding = 4; lastKnownFileType = sourcecode.swift; path = VideoPlayerView.swift; sourceTree = "<group>"; };
		F1ABBED220D07A11008B13B5 /* ImageView.swift */ = {isa = PBXFileReference; fileEncoding = 4; lastKnownFileType = sourcecode.swift; path = ImageView.swift; sourceTree = "<group>"; };
		F1ABBED420D07A11008B13B5 /* AppDelegate.swift */ = {isa = PBXFileReference; fileEncoding = 4; lastKnownFileType = sourcecode.swift; path = AppDelegate.swift; sourceTree = "<group>"; };
		F1ABBED520D07A12008B13B5 /* Assets.xcassets */ = {isa = PBXFileReference; lastKnownFileType = folder.assetcatalog; path = Assets.xcassets; sourceTree = "<group>"; };
		F1CB286522E9C61A00C2A8CF /* ProcessView+Create.swift */ = {isa = PBXFileReference; lastKnownFileType = sourcecode.swift; path = "ProcessView+Create.swift"; sourceTree = "<group>"; };
		F1CB286722E9C64B00C2A8CF /* ProcessView+Event.swift */ = {isa = PBXFileReference; lastKnownFileType = sourcecode.swift; path = "ProcessView+Event.swift"; sourceTree = "<group>"; };
		F1CB286922E9C67900C2A8CF /* ProcessView+Helper.swift */ = {isa = PBXFileReference; lastKnownFileType = sourcecode.swift; path = "ProcessView+Helper.swift"; sourceTree = "<group>"; };
		F1CB286B22E9C6A300C2A8CF /* ProcessView+TypeAlias.swift */ = {isa = PBXFileReference; lastKnownFileType = sourcecode.swift; path = "ProcessView+TypeAlias.swift"; sourceTree = "<group>"; };
		F1CB286D22E9C6B400C2A8CF /* ProcessView+Const.swift */ = {isa = PBXFileReference; lastKnownFileType = sourcecode.swift; path = "ProcessView+Const.swift"; sourceTree = "<group>"; };
		F1E786B122EE4F29002007EE /* VideoPlayerView+Create.swift */ = {isa = PBXFileReference; lastKnownFileType = sourcecode.swift; path = "VideoPlayerView+Create.swift"; sourceTree = "<group>"; };
		F1E786B322EE4F42002007EE /* VideoPlayerView+Action.swift */ = {isa = PBXFileReference; lastKnownFileType = sourcecode.swift; path = "VideoPlayerView+Action.swift"; sourceTree = "<group>"; };
		F1E786B522EE4F9C002007EE /* VideoPlayerView +Event.swift */ = {isa = PBXFileReference; lastKnownFileType = sourcecode.swift; path = "VideoPlayerView +Event.swift"; sourceTree = "<group>"; };
		F1E786B722EE50D7002007EE /* VideoPlayerView+Close.swift */ = {isa = PBXFileReference; lastKnownFileType = sourcecode.swift; path = "VideoPlayerView+Close.swift"; sourceTree = "<group>"; };
		F1E786B922EE51D6002007EE /* ImageView+Extension.swift */ = {isa = PBXFileReference; lastKnownFileType = sourcecode.swift; path = "ImageView+Extension.swift"; sourceTree = "<group>"; };
		F1E786BB22EE52C4002007EE /* CamView+GestureHandler.swift */ = {isa = PBXFileReference; lastKnownFileType = sourcecode.swift; path = "CamView+GestureHandler.swift"; sourceTree = "<group>"; };
/* End PBXFileReference section */

/* Begin PBXFrameworksBuildPhase section */
		F114ADA321A1C27E00942A28 /* Frameworks */ = {
			isa = PBXFrameworksBuildPhase;
			buildActionMask = 2147483647;
			files = (
				F1AA7579226B4E5000D4C272 /* With.framework in Frameworks */,
				F16F61DD23410ACC00574EBE /* ResultSugariOS.framework in Frameworks */,
			);
			runOnlyForDeploymentPostprocessing = 0;
		};
		F114ADDF21A1EF0A00942A28 /* Frameworks */ = {
			isa = PBXFrameworksBuildPhase;
			buildActionMask = 2147483647;
			files = (
			);
			runOnlyForDeploymentPostprocessing = 0;
		};
		F1ABBE9120D0798A008B13B5 /* Frameworks */ = {
			isa = PBXFrameworksBuildPhase;
			buildActionMask = 2147483647;
			files = (
				F16F61DF234111C500574EBE /* ResultSugariOS.framework in Frameworks */,
				F1AA7580226C6D2200D4C272 /* With.framework in Frameworks */,
				F114ADAD21A1C27F00942A28 /* HybridCamLib.framework in Frameworks */,
			);
			runOnlyForDeploymentPostprocessing = 0;
		};
/* End PBXFrameworksBuildPhase section */

/* Begin PBXGroup section */
		F114AD9321A074D200942A28 /* ImageView */ = {
			isa = PBXGroup;
			children = (
				F1ABBED220D07A11008B13B5 /* ImageView.swift */,
				F1E786B922EE51D6002007EE /* ImageView+Extension.swift */,
			);
			path = ImageView;
			sourceTree = "<group>";
		};
		F114AD9B21A1B7C600942A28 /* ui */ = {
			isa = PBXGroup;
			children = (
				F1972E7E233D0BD800CE772C /* button */,
				F1972E77233D0B3000CE772C /* TopBarKind */,
			);
			path = ui;
			sourceTree = "<group>";
		};
		F114ADA721A1C27F00942A28 /* HybridCamLib */ = {
			isa = PBXGroup;
			children = (
				F114ADDD21A1E31C00942A28 /* src */,
				F114ADA821A1C27F00942A28 /* HybridCamLib.h */,
				F114ADA921A1C27F00942A28 /* Info.plist */,
			);
			path = HybridCamLib;
			sourceTree = "<group>";
		};
		F114ADDD21A1E31C00942A28 /* src */ = {
			isa = PBXGroup;
			children = (
				F1972EAF233F3AF600CE772C /* common */,
				F1972E76233D0B1000CE772C /* HybridCamView */,
				F114AD9B21A1B7C600942A28 /* ui */,
				F1ABBEC620D07A11008B13B5 /* CamView */,
				F1ABBECF20D07A11008B13B5 /* ProcessView */,
			);
			path = src;
			sourceTree = "<group>";
		};
		F114ADE321A1EF0A00942A28 /* HybridCameraTests */ = {
			isa = PBXGroup;
			children = (
				F114ADE421A1EF0A00942A28 /* HybridCameraTests.swift */,
				F114ADE621A1EF0A00942A28 /* Info.plist */,
			);
			path = HybridCameraTests;
			sourceTree = "<group>";
		};
		F1151D2620D2B1E400860CD9 /* CamPreviewView */ = {
			isa = PBXGroup;
			children = (
				F1ABBEAD20D07A11008B13B5 /* CamPreviewView.swift */,
				F1972E90233D103100CE772C /* CamPreviewView+Create.swift */,
			);
			path = CamPreviewView;
			sourceTree = "<group>";
		};
		F16F61A62340C69F00574EBE /* extension */ = {
			isa = PBXGroup;
			children = (
				F16F61A72340C6BC00574EBE /* AVCaptureSession+Setup.swift */,
				F16F61AB2340D31A00574EBE /* AVCaptureDeviceInput+Feature.swift */,
				F16F61AD2340EB8000574EBE /* AVCapturePhotoOutput+Feature.swift */,
				F16F61F32343A57D00574EBE /* AVCaptureDevice+Feature.swift */,
			);
			path = extension;
			sourceTree = "<group>";
		};
		F16F61E52342804600574EBE /* ViewController */ = {
			isa = PBXGroup;
			children = (
				F1ABBEA920D07A11008B13B5 /* ViewController.swift */,
				F1059EE122EC36C6004A8346 /* ViewController+Extension.swift */,
				F16F61E12342786E00574EBE /* ViewController+Const.swift */,
				F16F61E323427FC100574EBE /* ViewController+Create.swift */,
			);
			path = ViewController;
			sourceTree = "<group>";
		};
		F16F61EC23439EB500574EBE /* Circle */ = {
			isa = PBXGroup;
			children = (
				F16F61E823439E8900574EBE /* Circle.swift */,
				F16F61EF23439F1300574EBE /* Circle+Const.swift */,
				F16F61ED23439ED300574EBE /* Circle+Create.swift */,
			);
			path = Circle;
			sourceTree = "<group>";
		};
		F1972E71233D09F600CE772C /* RecordButtonKind */ = {
			isa = PBXGroup;
			children = (
				F114AD9921A1A5D000942A28 /* RecordButtonKind.swift */,
				F1972E72233D0A1100CE772C /* RecordButtonKind+TypeAlias.swift */,
				F1972E85233D0CF100CE772C /* RecordButtonViewKind.swift */,
				F1972E74233D0A6B00CE772C /* RecordButtonKind+Const.swift */,
			);
			path = RecordButtonKind;
			sourceTree = "<group>";
		};
		F1972E76233D0B1000CE772C /* HybridCamView */ = {
			isa = PBXGroup;
			children = (
				F114ADC921A1C73E00942A28 /* HybridCamView.swift */,
				F114ADCC21A1CA3F00942A28 /* HybridCamView+Create.swift */,
				F1972E6D233D09A300CE772C /* HybridCamView+TypeAlias.swift */,
				F1972E6F233D09D300CE772C /* HybridCamView+Event.swift */,
			);
			path = HybridCamView;
			sourceTree = "<group>";
		};
		F1972E77233D0B3000CE772C /* TopBarKind */ = {
			isa = PBXGroup;
			children = (
				F114AD9721A1A4DE00942A28 /* TopBarKind.swift */,
				F1972E83233D0CA600CE772C /* TopBarViewKind.swift */,
			);
			path = TopBarKind;
			sourceTree = "<group>";
		};
		F1972E78233D0B3B00CE772C /* ToggleButtonKind */ = {
			isa = PBXGroup;
			children = (
				F114AD9D21A1B94000942A28 /* ToggleButtonKind.swift */,
				F1972E7C233D0B8200CE772C /* ToggleButtonKind+Const.swift */,
				F1972E7A233D0B6F00CE772C /* ToggleButtonKind+TypeAlias.swift */,
			);
			path = ToggleButtonKind;
			sourceTree = "<group>";
		};
		F1972E79233D0B4300CE772C /* ClickButtonKind */ = {
			isa = PBXGroup;
			children = (
				F114AD9F21A1BF5600942A28 /* ClickButtonKind.swift */,
				F1972E7F233D0BEE00CE772C /* ClickButtonKind+TypeAlias.swift */,
				F1972E81233D0BF800CE772C /* ClickButtonKind+Const.swift */,
			);
			path = ClickButtonKind;
			sourceTree = "<group>";
		};
		F1972E7E233D0BD800CE772C /* button */ = {
			isa = PBXGroup;
			children = (
				F1972E78233D0B3B00CE772C /* ToggleButtonKind */,
				F1972E79233D0B4300CE772C /* ClickButtonKind */,
				F1972E71233D09F600CE772C /* RecordButtonKind */,
			);
			path = button;
			sourceTree = "<group>";
		};
		F1972E87233D0D3A00CE772C /* error */ = {
			isa = PBXGroup;
			children = (
				F1972E8A233D0D5500CE772C /* CaptureError.swift */,
				F1972E88233D0D4800CE772C /* SetupError.swift */,
			);
			path = error;
			sourceTree = "<group>";
		};
		F1972E98233D209A00CE772C /* RoundButton */ = {
			isa = PBXGroup;
			children = (
				F1ABBEBC20D07A11008B13B5 /* RoundButton.swift */,
				F1972E99233D20AA00CE772C /* RoundButton+Event.swift */,
			);
			path = RoundButton;
			sourceTree = "<group>";
		};
		F1972E9B233D20C500CE772C /* ToggleButton */ = {
			isa = PBXGroup;
			children = (
				F1ABBEBD20D07A11008B13B5 /* ToggleButton.swift */,
				F1972E9C233D20D400CE772C /* ToggleButton+Event.swift */,
			);
			path = ToggleButton;
			sourceTree = "<group>";
		};
		F1972E9E233D210900CE772C /* ClickButton */ = {
			isa = PBXGroup;
			children = (
				F1ABBEBE20D07A11008B13B5 /* ClickButton.swift */,
				F1972E9F233D211900CE772C /* ClickButton+Event.swift */,
			);
			path = ClickButton;
			sourceTree = "<group>";
		};
		F1972EA1233D212C00CE772C /* ShareButton */ = {
			isa = PBXGroup;
			children = (
				F1ABBEBF20D07A11008B13B5 /* ShareButton.swift */,
				F1972EA2233D214100CE772C /* ShareButton+Event.swift */,
				F1972EA4233D215200CE772C /* ShareButton+Style.swift */,
			);
			path = ShareButton;
			sourceTree = "<group>";
		};
		F1972EA6233D218B00CE772C /* ExitButton */ = {
			isa = PBXGroup;
			children = (
				F1ABBEC320D07A11008B13B5 /* ExitButton.swift */,
				F1972EA7233D219C00CE772C /* ExitButton+Const.swift */,
			);
			path = ExitButton;
			sourceTree = "<group>";
		};
		F1972EA9233D21B200CE772C /* FlipButton */ = {
			isa = PBXGroup;
			children = (
				F1ABBEC420D07A11008B13B5 /* FlipButton.swift */,
				F1972EAA233D21BE00CE772C /* FlipButton+Const.swift */,
			);
			path = FlipButton;
			sourceTree = "<group>";
		};
		F1972EAC233D222B00CE772C /* FlashButton */ = {
			isa = PBXGroup;
			children = (
				F1ABBEC520D07A11008B13B5 /* FlashButton.swift */,
				F1972EAD233D226800CE772C /* FlashButton+Event.swift */,
			);
			path = FlashButton;
			sourceTree = "<group>";
		};
		F1972EAF233F3AF600CE772C /* common */ = {
			isa = PBXGroup;
			children = (
				F1972EB0233F3B8400CE772C /* FileUtil.swift */,
			);
			path = common;
			sourceTree = "<group>";
		};
		F1AA7577226B4E5000D4C272 /* Frameworks */ = {
			isa = PBXGroup;
			children = (
				F16F61DC23410ACB00574EBE /* ResultSugariOS.framework */,
				F1AA7578226B4E5000D4C272 /* With.framework */,
			);
			name = Frameworks;
			sourceTree = "<group>";
		};
		F1ABBE8B20D0798A008B13B5 = {
			isa = PBXGroup;
			children = (
				F16F61DE234111C500574EBE /* ResultSugariOS.framework */,
				F1ABBE9620D0798A008B13B5 /* HybridCamera */,
				F114ADA721A1C27F00942A28 /* HybridCamLib */,
				F114ADE321A1EF0A00942A28 /* HybridCameraTests */,
				F1ABBE9520D0798A008B13B5 /* Products */,
				F1AA7577226B4E5000D4C272 /* Frameworks */,
			);
			sourceTree = "<group>";
		};
		F1ABBE9520D0798A008B13B5 /* Products */ = {
			isa = PBXGroup;
			children = (
				F1ABBE9420D0798A008B13B5 /* HybridCamera.app */,
				F114ADA621A1C27E00942A28 /* HybridCamLib.framework */,
				F114ADE221A1EF0A00942A28 /* HybridCameraTests.xctest */,
			);
			name = Products;
			sourceTree = "<group>";
		};
		F1ABBE9620D0798A008B13B5 /* HybridCamera */ = {
			isa = PBXGroup;
			children = (
				F1ABBEA020D0798B008B13B5 /* LaunchScreen.storyboard */,
				F1ABBED420D07A11008B13B5 /* AppDelegate.swift */,
				F16F61E52342804600574EBE /* ViewController */,
				F1ABBED520D07A12008B13B5 /* Assets.xcassets */,
				F1ABBEAB20D07A11008B13B5 /* src */,
				F1ABBEAA20D07A11008B13B5 /* Info.plist */,
			);
			path = HybridCamera;
			sourceTree = "<group>";
		};
		F1ABBEAB20D07A11008B13B5 /* src */ = {
			isa = PBXGroup;
			children = (
				F1ABBEB320D07A11008B13B5 /* ui */,
			);
			path = src;
			sourceTree = "<group>";
		};
		F1ABBEAC20D07A11008B13B5 /* util */ = {
			isa = PBXGroup;
			children = (
				F1ABBEB020D07A11008B13B5 /* CamUtil.swift */,
				F1AA757B226B4E9100D4C272 /* CamUtil+TypeAlias.swift */,
				F1972EB2233F416100CE772C /* CamUtil+Error.swift */,
			);
			path = util;
			sourceTree = "<group>";
		};
		F1ABBEB320D07A11008B13B5 /* ui */ = {
			isa = PBXGroup;
			children = (
				F1ABBEB120D07A11008B13B5 /* CustomCamView.swift */,
				F1ABBED020D07A11008B13B5 /* CustomProcessView.swift */,
				F1ABBEB420D07A11008B13B5 /* button */,
				F1ABBEC020D07A11008B13B5 /* TopBar */,
			);
			path = ui;
			sourceTree = "<group>";
		};
		F1ABBEB420D07A11008B13B5 /* button */ = {
			isa = PBXGroup;
			children = (
				F1ABBEBB20D07A11008B13B5 /* util */,
				F1ABBEB520D07A11008B13B5 /* RecordButton */,
				F1972EA1233D212C00CE772C /* ShareButton */,
			);
			path = button;
			sourceTree = "<group>";
		};
		F1ABBEB520D07A11008B13B5 /* RecordButton */ = {
			isa = PBXGroup;
			children = (
				F1ABBEBA20D07A11008B13B5 /* RecordButton.swift */,
				F1ABBEB620D07A11008B13B5 /* RecordButton+Anim.swift */,
				F16F61EC23439EB500574EBE /* Circle */,
				F16F61E623439E6700574EBE /* RecordButton+Create.swift */,
				F1ABBEB820D07A11008B13B5 /* RecordButton+Const.swift */,
				F1ABBEB920D07A11008B13B5 /* RecordButton+Event.swift */,
			);
			path = RecordButton;
			sourceTree = "<group>";
		};
		F1ABBEBB20D07A11008B13B5 /* util */ = {
			isa = PBXGroup;
			children = (
				F1972E98233D209A00CE772C /* RoundButton */,
				F1972E9B233D20C500CE772C /* ToggleButton */,
				F1972E9E233D210900CE772C /* ClickButton */,
			);
			path = util;
			sourceTree = "<group>";
		};
		F1ABBEC020D07A11008B13B5 /* TopBar */ = {
			isa = PBXGroup;
			children = (
				F1ABBEC120D07A11008B13B5 /* TopBar.swift */,
				F1972E96233D1CE600CE772C /* TopBar+Create.swift */,
				F1ABBEC220D07A11008B13B5 /* button */,
			);
			path = TopBar;
			sourceTree = "<group>";
		};
		F1ABBEC220D07A11008B13B5 /* button */ = {
			isa = PBXGroup;
			children = (
				F1972EA6233D218B00CE772C /* ExitButton */,
				F1972EA9233D21B200CE772C /* FlipButton */,
				F1972EAC233D222B00CE772C /* FlashButton */,
			);
			path = button;
			sourceTree = "<group>";
		};
		F1ABBEC620D07A11008B13B5 /* CamView */ = {
			isa = PBXGroup;
			children = (
				F16F61A62340C69F00574EBE /* extension */,
				F1151D2620D2B1E400860CD9 /* CamPreviewView */,
				F1972E87233D0D3A00CE772C /* error */,
				F1ABBEAC20D07A11008B13B5 /* util */,
				F1ABBECB20D07A11008B13B5 /* CamView.swift */,
				F1ABBECC20D07A11008B13B5 /* CamView+Setup.swift */,
				F1972E8C233D0DBB00CE772C /* CamView+TypeAlias.swift */,
				F1972E8E233D0DC300CE772C /* CamView+Const.swift */,
				F1ABBEC720D07A11008B13B5 /* CamView+Feature.swift */,
				F1ABBEC820D07A11008B13B5 /* CamView+Photo.swift */,
				F1972E94233D172300CE772C /* CamView+Video.swift */,
				F1ABBEC920D07A11008B13B5 /* CamView+Getter.swift */,
				F1ABBECA20D07A11008B13B5 /* CamView+Create.swift */,
				F1ABBECD20D07A11008B13B5 /* CamView+Action.swift */,
				F1972E92233D16A800CE772C /* CamView+ViewFinder.swift */,
				F1ABBECE20D07A11008B13B5 /* CamView+Gesture.swift */,
				F1E786BB22EE52C4002007EE /* CamView+GestureHandler.swift */,
			);
			path = CamView;
			sourceTree = "<group>";
		};
		F1ABBECF20D07A11008B13B5 /* ProcessView */ = {
			isa = PBXGroup;
			children = (
				F114ADD621A1D35A00942A28 /* ProcessView.swift */,
				F114ADD821A1D40300942A28 /* ProcessView+Action.swift */,
				F1CB286B22E9C6A300C2A8CF /* ProcessView+TypeAlias.swift */,
				F1CB286D22E9C6B400C2A8CF /* ProcessView+Const.swift */,
				F1CB286722E9C64B00C2A8CF /* ProcessView+Event.swift */,
				F1CB286522E9C61A00C2A8CF /* ProcessView+Create.swift */,
				F1CB286922E9C67900C2A8CF /* ProcessView+Helper.swift */,
				F1E786AF22EE4EFB002007EE /* VideoPlayerView */,
				F114AD9321A074D200942A28 /* ImageView */,
			);
			path = ProcessView;
			sourceTree = "<group>";
		};
		F1E786AF22EE4EFB002007EE /* VideoPlayerView */ = {
			isa = PBXGroup;
			children = (
				F1ABBED120D07A11008B13B5 /* VideoPlayerView.swift */,
				F1E786B322EE4F42002007EE /* VideoPlayerView+Action.swift */,
				F1E786B122EE4F29002007EE /* VideoPlayerView+Create.swift */,
				F1E786B722EE50D7002007EE /* VideoPlayerView+Close.swift */,
				F1E786B522EE4F9C002007EE /* VideoPlayerView +Event.swift */,
			);
			path = VideoPlayerView;
			sourceTree = "<group>";
		};
/* End PBXGroup section */

/* Begin PBXHeadersBuildPhase section */
		F114ADA121A1C27E00942A28 /* Headers */ = {
			isa = PBXHeadersBuildPhase;
			buildActionMask = 2147483647;
			files = (
				F114ADAA21A1C27F00942A28 /* HybridCamLib.h in Headers */,
			);
			runOnlyForDeploymentPostprocessing = 0;
		};
/* End PBXHeadersBuildPhase section */

/* Begin PBXNativeTarget section */
		F114ADA521A1C27E00942A28 /* HybridCamLib */ = {
			isa = PBXNativeTarget;
			buildConfigurationList = F114ADAF21A1C27F00942A28 /* Build configuration list for PBXNativeTarget "HybridCamLib" */;
			buildPhases = (
				F114ADA121A1C27E00942A28 /* Headers */,
				F114ADA221A1C27E00942A28 /* Sources */,
				F114ADA321A1C27E00942A28 /* Frameworks */,
				F114ADA421A1C27E00942A28 /* Resources */,
				F1CE26772283EE7700441836 /* ShellScript */,
			);
			buildRules = (
			);
			dependencies = (
			);
			name = HybridCamLib;
			productName = HybridCamLib;
			productReference = F114ADA621A1C27E00942A28 /* HybridCamLib.framework */;
			productType = "com.apple.product-type.framework";
		};
		F114ADE121A1EF0A00942A28 /* HybridCameraTests */ = {
			isa = PBXNativeTarget;
			buildConfigurationList = F114ADE921A1EF0A00942A28 /* Build configuration list for PBXNativeTarget "HybridCameraTests" */;
			buildPhases = (
				F114ADDE21A1EF0A00942A28 /* Sources */,
				F114ADDF21A1EF0A00942A28 /* Frameworks */,
				F114ADE021A1EF0A00942A28 /* Resources */,
			);
			buildRules = (
			);
			dependencies = (
				F114ADE821A1EF0A00942A28 /* PBXTargetDependency */,
			);
			name = HybridCameraTests;
			productName = HybridCameraTests;
			productReference = F114ADE221A1EF0A00942A28 /* HybridCameraTests.xctest */;
			productType = "com.apple.product-type.bundle.unit-test";
		};
		F1ABBE9320D0798A008B13B5 /* HybridCamera */ = {
			isa = PBXNativeTarget;
			buildConfigurationList = F1ABBEA620D0798B008B13B5 /* Build configuration list for PBXNativeTarget "HybridCamera" */;
			buildPhases = (
				F1ABBE9020D0798A008B13B5 /* Sources */,
				F1ABBE9120D0798A008B13B5 /* Frameworks */,
				F1ABBE9220D0798A008B13B5 /* Resources */,
				F114ADB221A1C27F00942A28 /* Embed Frameworks */,
				F1E4A88B2275A73E00E8993A /* ShellScript */,
			);
			buildRules = (
			);
			dependencies = (
				F114ADAC21A1C27F00942A28 /* PBXTargetDependency */,
			);
			name = HybridCamera;
			productName = HybridCamera;
			productReference = F1ABBE9420D0798A008B13B5 /* HybridCamera.app */;
			productType = "com.apple.product-type.application";
		};
/* End PBXNativeTarget section */

/* Begin PBXProject section */
		F1ABBE8C20D0798A008B13B5 /* Project object */ = {
			isa = PBXProject;
			attributes = {
				LastSwiftUpdateCheck = 1000;
				LastUpgradeCheck = 0930;
				ORGANIZATIONNAME = eon;
				TargetAttributes = {
					F114ADA521A1C27E00942A28 = {
						CreatedOnToolsVersion = 10.0;
					};
					F114ADE121A1EF0A00942A28 = {
						CreatedOnToolsVersion = 10.0;
						TestTargetID = F1ABBE9320D0798A008B13B5;
					};
					F1ABBE9320D0798A008B13B5 = {
						CreatedOnToolsVersion = 9.3;
						LastSwiftMigration = 0930;
					};
				};
			};
			buildConfigurationList = F1ABBE8F20D0798A008B13B5 /* Build configuration list for PBXProject "HybridCamera" */;
			compatibilityVersion = "Xcode 9.3";
			developmentRegion = en;
			hasScannedForEncodings = 0;
			knownRegions = (
				en,
				Base,
			);
			mainGroup = F1ABBE8B20D0798A008B13B5;
			productRefGroup = F1ABBE9520D0798A008B13B5 /* Products */;
			projectDirPath = "";
			projectRoot = "";
			targets = (
				F1ABBE9320D0798A008B13B5 /* HybridCamera */,
				F114ADA521A1C27E00942A28 /* HybridCamLib */,
				F114ADE121A1EF0A00942A28 /* HybridCameraTests */,
			);
		};
/* End PBXProject section */

/* Begin PBXResourcesBuildPhase section */
		F114ADA421A1C27E00942A28 /* Resources */ = {
			isa = PBXResourcesBuildPhase;
			buildActionMask = 2147483647;
			files = (
			);
			runOnlyForDeploymentPostprocessing = 0;
		};
		F114ADE021A1EF0A00942A28 /* Resources */ = {
			isa = PBXResourcesBuildPhase;
			buildActionMask = 2147483647;
			files = (
			);
			runOnlyForDeploymentPostprocessing = 0;
		};
		F1ABBE9220D0798A008B13B5 /* Resources */ = {
			isa = PBXResourcesBuildPhase;
			buildActionMask = 2147483647;
			files = (
				F1ABBEF720D07A12008B13B5 /* Assets.xcassets in Resources */,
				F1ABBEA220D0798B008B13B5 /* LaunchScreen.storyboard in Resources */,
			);
			runOnlyForDeploymentPostprocessing = 0;
		};
/* End PBXResourcesBuildPhase section */

/* Begin PBXShellScriptBuildPhase section */
		F1CE26772283EE7700441836 /* ShellScript */ = {
			isa = PBXShellScriptBuildPhase;
			buildActionMask = 2147483647;
			files = (
			);
			inputFileListPaths = (
			);
			inputPaths = (
			);
			outputFileListPaths = (
			);
			outputPaths = (
			);
			runOnlyForDeploymentPostprocessing = 0;
			shellPath = /bin/sh;
			shellScript = "if which swiftlint >/dev/null; then\nswiftlint\nelse\necho \"warning: SwiftLint not installed, download from https://github.com/realm/SwiftLint\"\nfi\n";
		};
		F1E4A88B2275A73E00E8993A /* ShellScript */ = {
			isa = PBXShellScriptBuildPhase;
			buildActionMask = 2147483647;
			files = (
			);
			inputFileListPaths = (
			);
			inputPaths = (
			);
			outputFileListPaths = (
			);
			outputPaths = (
			);
			runOnlyForDeploymentPostprocessing = 0;
			shellPath = /bin/sh;
			shellScript = "if which swiftlint >/dev/null; then\nswiftlint\nelse\necho \"warning: SwiftLint not installed, download from https://github.com/realm/SwiftLint\"\nfi\n";
		};
/* End PBXShellScriptBuildPhase section */

/* Begin PBXSourcesBuildPhase section */
		F114ADA221A1C27E00942A28 /* Sources */ = {
			isa = PBXSourcesBuildPhase;
			buildActionMask = 2147483647;
			files = (
				F1CB286A22E9C67900C2A8CF /* ProcessView+Helper.swift in Sources */,
				F16F61F42343A57D00574EBE /* AVCaptureDevice+Feature.swift in Sources */,
				F114ADD121A1CB3300942A28 /* HybridCamView+Create.swift in Sources */,
				F1972EB3233F416100CE772C /* CamUtil+Error.swift in Sources */,
				F114ADBD21A1C2E500942A28 /* CamView.swift in Sources */,
				F1972E70233D09D300CE772C /* HybridCamView+Event.swift in Sources */,
				F114ADB721A1C2E500942A28 /* ToggleButtonKind.swift in Sources */,
				F1972E8D233D0DBB00CE772C /* CamView+TypeAlias.swift in Sources */,
				F114ADC821A1C2E500942A28 /* VideoPlayerView.swift in Sources */,
				F1E786BA22EE51D6002007EE /* ImageView+Extension.swift in Sources */,
				F1CB286622E9C61A00C2A8CF /* ProcessView+Create.swift in Sources */,
				F1972E75233D0A6B00CE772C /* RecordButtonKind+Const.swift in Sources */,
				F114ADBC21A1C2E500942A28 /* CamPreviewView.swift in Sources */,
				F1972E8B233D0D5500CE772C /* CaptureError.swift in Sources */,
				F1972E91233D103100CE772C /* CamPreviewView+Create.swift in Sources */,
				F1972E7D233D0B8200CE772C /* ToggleButtonKind+Const.swift in Sources */,
				F114ADC321A1C2E500942A28 /* CamView+Action.swift in Sources */,
				F114ADC121A1C2E500942A28 /* CamView+Create.swift in Sources */,
				F1E786B222EE4F29002007EE /* VideoPlayerView+Create.swift in Sources */,
				F1972E84233D0CA600CE772C /* TopBarViewKind.swift in Sources */,
				F114ADBB21A1C2E500942A28 /* CamUtil.swift in Sources */,
				F16F61AC2340D31A00574EBE /* AVCaptureDeviceInput+Feature.swift in Sources */,
				F1972E89233D0D4800CE772C /* SetupError.swift in Sources */,
				F114ADDB21A1D57A00942A28 /* ProcessView.swift in Sources */,
				F1972EB1233F3B8400CE772C /* FileUtil.swift in Sources */,
				F16F61AE2340EB8000574EBE /* AVCapturePhotoOutput+Feature.swift in Sources */,
				F1972E95233D172300CE772C /* CamView+Video.swift in Sources */,
				F1972E8F233D0DC300CE772C /* CamView+Const.swift in Sources */,
				F1972E73233D0A1100CE772C /* RecordButtonKind+TypeAlias.swift in Sources */,
				F1972E6E233D09A300CE772C /* HybridCamView+TypeAlias.swift in Sources */,
				F1972E86233D0CF100CE772C /* RecordButtonViewKind.swift in Sources */,
				F1E786BC22EE52C4002007EE /* CamView+GestureHandler.swift in Sources */,
				F114ADC221A1C2E500942A28 /* CamView+Setup.swift in Sources */,
				F16F61A82340C6BC00574EBE /* AVCaptureSession+Setup.swift in Sources */,
				F114ADDC21A1D57A00942A28 /* ProcessView+Action.swift in Sources */,
				F114ADB621A1C2E500942A28 /* TopBarKind.swift in Sources */,
				F1972E93233D16A800CE772C /* CamView+ViewFinder.swift in Sources */,
				F114ADB521A1C2E500942A28 /* RecordButtonKind.swift in Sources */,
				F114ADC021A1C2E500942A28 /* CamView+Getter.swift in Sources */,
				F114ADC721A1C2E500942A28 /* ImageView.swift in Sources */,
				F1E786B622EE4F9C002007EE /* VideoPlayerView +Event.swift in Sources */,
				F1972E7B233D0B6F00CE772C /* ToggleButtonKind+TypeAlias.swift in Sources */,
				F1CB286E22E9C6B400C2A8CF /* ProcessView+Const.swift in Sources */,
				F114ADBF21A1C2E500942A28 /* CamView+Photo.swift in Sources */,
				F1972E82233D0BF800CE772C /* ClickButtonKind+Const.swift in Sources */,
				F114ADBE21A1C2E500942A28 /* CamView+Feature.swift in Sources */,
				F114ADC421A1C2E500942A28 /* CamView+Gesture.swift in Sources */,
				F1CB286C22E9C6A300C2A8CF /* ProcessView+TypeAlias.swift in Sources */,
				F114ADB821A1C2E500942A28 /* ClickButtonKind.swift in Sources */,
				F1CB286822E9C64B00C2A8CF /* ProcessView+Event.swift in Sources */,
				F114ADCB21A1C9C200942A28 /* HybridCamView.swift in Sources */,
				F1972E80233D0BEE00CE772C /* ClickButtonKind+TypeAlias.swift in Sources */,
				F1AA757E226B4E9200D4C272 /* CamUtil+TypeAlias.swift in Sources */,
				F1E786B822EE50D7002007EE /* VideoPlayerView+Close.swift in Sources */,
				F1E786B422EE4F42002007EE /* VideoPlayerView+Action.swift in Sources */,
			);
			runOnlyForDeploymentPostprocessing = 0;
		};
		F114ADDE21A1EF0A00942A28 /* Sources */ = {
			isa = PBXSourcesBuildPhase;
			buildActionMask = 2147483647;
			files = (
				F114ADE521A1EF0A00942A28 /* HybridCameraTests.swift in Sources */,
			);
			runOnlyForDeploymentPostprocessing = 0;
		};
		F1ABBE9020D0798A008B13B5 /* Sources */ = {
			isa = PBXSourcesBuildPhase;
			buildActionMask = 2147483647;
			files = (
				F1059EE222EC36C6004A8346 /* ViewController+Extension.swift in Sources */,
				F1972E9D233D20D400CE772C /* ToggleButton+Event.swift in Sources */,
				F1ABBEE220D07A12008B13B5 /* RoundButton.swift in Sources */,
				F1972EA0233D211900CE772C /* ClickButton+Event.swift in Sources */,
				F1ABBEE420D07A12008B13B5 /* ClickButton.swift in Sources */,
				F16F61E923439E8900574EBE /* Circle.swift in Sources */,
				F1972EA5233D215200CE772C /* ShareButton+Style.swift in Sources */,
				F16F61E723439E6700574EBE /* RecordButton+Create.swift in Sources */,
				F16F61EE23439ED300574EBE /* Circle+Create.swift in Sources */,
				F1ABBEF620D07A12008B13B5 /* AppDelegate.swift in Sources */,
				F1ABBEE320D07A12008B13B5 /* ToggleButton.swift in Sources */,
				F16F61E22342786E00574EBE /* ViewController+Const.swift in Sources */,
				F16F61E423427FC100574EBE /* ViewController+Create.swift in Sources */,
				F1972EA3233D214100CE772C /* ShareButton+Event.swift in Sources */,
				F1ABBEE820D07A12008B13B5 /* FlipButton.swift in Sources */,
				F1972E97233D1CE600CE772C /* TopBar+Create.swift in Sources */,
				F1972E9A233D20AA00CE772C /* RoundButton+Event.swift in Sources */,
				F16F61F023439F1300574EBE /* Circle+Const.swift in Sources */,
				F1ABBED620D07A12008B13B5 /* ViewController.swift in Sources */,
				F1ABBEDD20D07A12008B13B5 /* RecordButton+Anim.swift in Sources */,
				F1ABBEDF20D07A12008B13B5 /* RecordButton+Const.swift in Sources */,
				F1972EA8233D219C00CE772C /* ExitButton+Const.swift in Sources */,
				F1972EAE233D226800CE772C /* FlashButton+Event.swift in Sources */,
				F1972EAB233D21BE00CE772C /* FlipButton+Const.swift in Sources */,
				F1ABBEE920D07A12008B13B5 /* FlashButton.swift in Sources */,
				F1ABBEE520D07A12008B13B5 /* ShareButton.swift in Sources */,
				F1ABBEE120D07A12008B13B5 /* RecordButton.swift in Sources */,
				F114ADD221A1CDA000942A28 /* CustomCamView.swift in Sources */,
				F114ADDA21A1D56300942A28 /* CustomProcessView.swift in Sources */,
				F1ABBEE020D07A12008B13B5 /* RecordButton+Event.swift in Sources */,
				F1ABBEE620D07A12008B13B5 /* TopBar.swift in Sources */,
				F1ABBEE720D07A12008B13B5 /* ExitButton.swift in Sources */,
			);
			runOnlyForDeploymentPostprocessing = 0;
		};
/* End PBXSourcesBuildPhase section */

/* Begin PBXTargetDependency section */
		F114ADAC21A1C27F00942A28 /* PBXTargetDependency */ = {
			isa = PBXTargetDependency;
			target = F114ADA521A1C27E00942A28 /* HybridCamLib */;
			targetProxy = F114ADAB21A1C27F00942A28 /* PBXContainerItemProxy */;
		};
		F114ADE821A1EF0A00942A28 /* PBXTargetDependency */ = {
			isa = PBXTargetDependency;
			target = F1ABBE9320D0798A008B13B5 /* HybridCamera */;
			targetProxy = F114ADE721A1EF0A00942A28 /* PBXContainerItemProxy */;
		};
/* End PBXTargetDependency section */

/* Begin PBXVariantGroup section */
		F1ABBEA020D0798B008B13B5 /* LaunchScreen.storyboard */ = {
			isa = PBXVariantGroup;
			children = (
				F1ABBEA120D0798B008B13B5 /* Base */,
			);
			name = LaunchScreen.storyboard;
			sourceTree = "<group>";
		};
/* End PBXVariantGroup section */

/* Begin XCBuildConfiguration section */
		F114ADB021A1C27F00942A28 /* Debug */ = {
			isa = XCBuildConfiguration;
			buildSettings = {
				CODE_SIGN_IDENTITY = "";
				CODE_SIGN_STYLE = Automatic;
				CURRENT_PROJECT_VERSION = 1;
				DEFINES_MODULE = YES;
				DEVELOPMENT_TEAM = B5CC9TD7P7;
				DYLIB_COMPATIBILITY_VERSION = 1;
				DYLIB_CURRENT_VERSION = 1;
				DYLIB_INSTALL_NAME_BASE = "@rpath";
				FRAMEWORK_SEARCH_PATHS = (
					"$(inherited)",
					"$(PROJECT_DIR)/Carthage/Build/iOS",
				);
				INFOPLIST_FILE = HybridCamLib/Info.plist;
				INSTALL_PATH = "$(LOCAL_LIBRARY_DIR)/Frameworks";
				IPHONEOS_DEPLOYMENT_TARGET = 12.2;
				LD_RUNPATH_SEARCH_PATHS = (
					"$(inherited)",
					"@executable_path/Frameworks",
					"@loader_path/Frameworks",
				);
				MTL_ENABLE_DEBUG_INFO = INCLUDE_SOURCE;
				MTL_FAST_MATH = YES;
				PRODUCT_BUNDLE_IDENTIFIER = io.github.futurelab.HybridCamLib;
				PRODUCT_NAME = "$(TARGET_NAME:c99extidentifier)";
				SKIP_INSTALL = YES;
				SWIFT_VERSION = 5.0;
				TARGETED_DEVICE_FAMILY = "1,2";
				VERSIONING_SYSTEM = "apple-generic";
				VERSION_INFO_PREFIX = "";
			};
			name = Debug;
		};
		F114ADB121A1C27F00942A28 /* Release */ = {
			isa = XCBuildConfiguration;
			buildSettings = {
				CODE_SIGN_IDENTITY = "";
				CODE_SIGN_STYLE = Automatic;
				CURRENT_PROJECT_VERSION = 1;
				DEFINES_MODULE = YES;
				DEVELOPMENT_TEAM = B5CC9TD7P7;
				DYLIB_COMPATIBILITY_VERSION = 1;
				DYLIB_CURRENT_VERSION = 1;
				DYLIB_INSTALL_NAME_BASE = "@rpath";
				FRAMEWORK_SEARCH_PATHS = (
					"$(inherited)",
					"$(PROJECT_DIR)/Carthage/Build/iOS",
				);
				INFOPLIST_FILE = HybridCamLib/Info.plist;
				INSTALL_PATH = "$(LOCAL_LIBRARY_DIR)/Frameworks";
				IPHONEOS_DEPLOYMENT_TARGET = 12.2;
				LD_RUNPATH_SEARCH_PATHS = (
					"$(inherited)",
					"@executable_path/Frameworks",
					"@loader_path/Frameworks",
				);
				MTL_FAST_MATH = YES;
				PRODUCT_BUNDLE_IDENTIFIER = io.github.futurelab.HybridCamLib;
				PRODUCT_NAME = "$(TARGET_NAME:c99extidentifier)";
				SKIP_INSTALL = YES;
				SWIFT_VERSION = 5.0;
				TARGETED_DEVICE_FAMILY = "1,2";
				VERSIONING_SYSTEM = "apple-generic";
				VERSION_INFO_PREFIX = "";
			};
			name = Release;
		};
		F114ADEA21A1EF0A00942A28 /* Debug */ = {
			isa = XCBuildConfiguration;
			buildSettings = {
				BUNDLE_LOADER = "$(TEST_HOST)";
				CODE_SIGN_STYLE = Automatic;
				INFOPLIST_FILE = HybridCameraTests/Info.plist;
				LD_RUNPATH_SEARCH_PATHS = (
					"$(inherited)",
					"@executable_path/Frameworks",
					"@loader_path/Frameworks",
				);
				MTL_ENABLE_DEBUG_INFO = INCLUDE_SOURCE;
				MTL_FAST_MATH = YES;
				PRODUCT_BUNDLE_IDENTIFIER = io.github.futurelab.HybridCameraTests;
				PRODUCT_NAME = "$(TARGET_NAME)";
				SWIFT_VERSION = 5.0;
				TARGETED_DEVICE_FAMILY = "1,2";
				TEST_HOST = "$(BUILT_PRODUCTS_DIR)/HybridCamera.app/HybridCamera";
			};
			name = Debug;
		};
		F114ADEB21A1EF0A00942A28 /* Release */ = {
			isa = XCBuildConfiguration;
			buildSettings = {
				BUNDLE_LOADER = "$(TEST_HOST)";
				CODE_SIGN_STYLE = Automatic;
				INFOPLIST_FILE = HybridCameraTests/Info.plist;
				LD_RUNPATH_SEARCH_PATHS = (
					"$(inherited)",
					"@executable_path/Frameworks",
					"@loader_path/Frameworks",
				);
				MTL_FAST_MATH = YES;
				PRODUCT_BUNDLE_IDENTIFIER = io.github.futurelab.HybridCameraTests;
				PRODUCT_NAME = "$(TARGET_NAME)";
				SWIFT_VERSION = 5.0;
				TARGETED_DEVICE_FAMILY = "1,2";
				TEST_HOST = "$(BUILT_PRODUCTS_DIR)/HybridCamera.app/HybridCamera";
			};
			name = Release;
		};
		F1ABBEA420D0798B008B13B5 /* Debug */ = {
			isa = XCBuildConfiguration;
			buildSettings = {
				ALWAYS_SEARCH_USER_PATHS = NO;
				CLANG_ANALYZER_NONNULL = YES;
				CLANG_ANALYZER_NUMBER_OBJECT_CONVERSION = YES_AGGRESSIVE;
				CLANG_CXX_LANGUAGE_STANDARD = "gnu++14";
				CLANG_CXX_LIBRARY = "libc++";
				CLANG_ENABLE_MODULES = YES;
				CLANG_ENABLE_OBJC_ARC = YES;
				CLANG_ENABLE_OBJC_WEAK = YES;
				CLANG_WARN_BLOCK_CAPTURE_AUTORELEASING = YES;
				CLANG_WARN_BOOL_CONVERSION = YES;
				CLANG_WARN_COMMA = YES;
				CLANG_WARN_CONSTANT_CONVERSION = YES;
				CLANG_WARN_DEPRECATED_OBJC_IMPLEMENTATIONS = YES;
				CLANG_WARN_DIRECT_OBJC_ISA_USAGE = YES_ERROR;
				CLANG_WARN_DOCUMENTATION_COMMENTS = YES;
				CLANG_WARN_EMPTY_BODY = YES;
				CLANG_WARN_ENUM_CONVERSION = YES;
				CLANG_WARN_INFINITE_RECURSION = YES;
				CLANG_WARN_INT_CONVERSION = YES;
				CLANG_WARN_NON_LITERAL_NULL_CONVERSION = YES;
				CLANG_WARN_OBJC_IMPLICIT_RETAIN_SELF = YES;
				CLANG_WARN_OBJC_LITERAL_CONVERSION = YES;
				CLANG_WARN_OBJC_ROOT_CLASS = YES_ERROR;
				CLANG_WARN_RANGE_LOOP_ANALYSIS = YES;
				CLANG_WARN_STRICT_PROTOTYPES = YES;
				CLANG_WARN_SUSPICIOUS_MOVE = YES;
				CLANG_WARN_UNGUARDED_AVAILABILITY = YES_AGGRESSIVE;
				CLANG_WARN_UNREACHABLE_CODE = YES;
				CLANG_WARN__DUPLICATE_METHOD_MATCH = YES;
				CODE_SIGN_IDENTITY = "iPhone Developer";
				COPY_PHASE_STRIP = NO;
				DEBUG_INFORMATION_FORMAT = dwarf;
				ENABLE_STRICT_OBJC_MSGSEND = YES;
				ENABLE_TESTABILITY = YES;
				GCC_C_LANGUAGE_STANDARD = gnu11;
				GCC_DYNAMIC_NO_PIC = NO;
				GCC_NO_COMMON_BLOCKS = YES;
				GCC_OPTIMIZATION_LEVEL = 0;
				GCC_PREPROCESSOR_DEFINITIONS = (
					"DEBUG=1",
					"$(inherited)",
				);
				GCC_WARN_64_TO_32_BIT_CONVERSION = YES;
				GCC_WARN_ABOUT_RETURN_TYPE = YES_ERROR;
				GCC_WARN_UNDECLARED_SELECTOR = YES;
				GCC_WARN_UNINITIALIZED_AUTOS = YES_AGGRESSIVE;
				GCC_WARN_UNUSED_FUNCTION = YES;
				GCC_WARN_UNUSED_VARIABLE = YES;
				IPHONEOS_DEPLOYMENT_TARGET = 12.2;
				MTL_ENABLE_DEBUG_INFO = YES;
				ONLY_ACTIVE_ARCH = YES;
				SDKROOT = iphoneos;
				SWIFT_ACTIVE_COMPILATION_CONDITIONS = DEBUG;
				SWIFT_OPTIMIZATION_LEVEL = "-Onone";
			};
			name = Debug;
		};
		F1ABBEA520D0798B008B13B5 /* Release */ = {
			isa = XCBuildConfiguration;
			buildSettings = {
				ALWAYS_SEARCH_USER_PATHS = NO;
				CLANG_ANALYZER_NONNULL = YES;
				CLANG_ANALYZER_NUMBER_OBJECT_CONVERSION = YES_AGGRESSIVE;
				CLANG_CXX_LANGUAGE_STANDARD = "gnu++14";
				CLANG_CXX_LIBRARY = "libc++";
				CLANG_ENABLE_MODULES = YES;
				CLANG_ENABLE_OBJC_ARC = YES;
				CLANG_ENABLE_OBJC_WEAK = YES;
				CLANG_WARN_BLOCK_CAPTURE_AUTORELEASING = YES;
				CLANG_WARN_BOOL_CONVERSION = YES;
				CLANG_WARN_COMMA = YES;
				CLANG_WARN_CONSTANT_CONVERSION = YES;
				CLANG_WARN_DEPRECATED_OBJC_IMPLEMENTATIONS = YES;
				CLANG_WARN_DIRECT_OBJC_ISA_USAGE = YES_ERROR;
				CLANG_WARN_DOCUMENTATION_COMMENTS = YES;
				CLANG_WARN_EMPTY_BODY = YES;
				CLANG_WARN_ENUM_CONVERSION = YES;
				CLANG_WARN_INFINITE_RECURSION = YES;
				CLANG_WARN_INT_CONVERSION = YES;
				CLANG_WARN_NON_LITERAL_NULL_CONVERSION = YES;
				CLANG_WARN_OBJC_IMPLICIT_RETAIN_SELF = YES;
				CLANG_WARN_OBJC_LITERAL_CONVERSION = YES;
				CLANG_WARN_OBJC_ROOT_CLASS = YES_ERROR;
				CLANG_WARN_RANGE_LOOP_ANALYSIS = YES;
				CLANG_WARN_STRICT_PROTOTYPES = YES;
				CLANG_WARN_SUSPICIOUS_MOVE = YES;
				CLANG_WARN_UNGUARDED_AVAILABILITY = YES_AGGRESSIVE;
				CLANG_WARN_UNREACHABLE_CODE = YES;
				CLANG_WARN__DUPLICATE_METHOD_MATCH = YES;
				CODE_SIGN_IDENTITY = "iPhone Developer";
				COPY_PHASE_STRIP = NO;
				DEBUG_INFORMATION_FORMAT = "dwarf-with-dsym";
				ENABLE_NS_ASSERTIONS = NO;
				ENABLE_STRICT_OBJC_MSGSEND = YES;
				GCC_C_LANGUAGE_STANDARD = gnu11;
				GCC_NO_COMMON_BLOCKS = YES;
				GCC_WARN_64_TO_32_BIT_CONVERSION = YES;
				GCC_WARN_ABOUT_RETURN_TYPE = YES_ERROR;
				GCC_WARN_UNDECLARED_SELECTOR = YES;
				GCC_WARN_UNINITIALIZED_AUTOS = YES_AGGRESSIVE;
				GCC_WARN_UNUSED_FUNCTION = YES;
				GCC_WARN_UNUSED_VARIABLE = YES;
				IPHONEOS_DEPLOYMENT_TARGET = 12.2;
				MTL_ENABLE_DEBUG_INFO = NO;
				SDKROOT = iphoneos;
				SWIFT_COMPILATION_MODE = wholemodule;
				SWIFT_OPTIMIZATION_LEVEL = "-O";
				VALIDATE_PRODUCT = YES;
			};
			name = Release;
		};
		F1ABBEA720D0798B008B13B5 /* Debug */ = {
			isa = XCBuildConfiguration;
			buildSettings = {
				ALWAYS_EMBED_SWIFT_STANDARD_LIBRARIES = YES;
				ASSETCATALOG_COMPILER_APPICON_NAME = AppIcon;
				CLANG_ENABLE_MODULES = YES;
				CODE_SIGN_STYLE = Automatic;
				DEVELOPMENT_TEAM = B5CC9TD7P7;
				FRAMEWORK_SEARCH_PATHS = (
					"$(inherited)",
					"$(PROJECT_DIR)/Carthage/Build/iOS",
				);
				INFOPLIST_FILE = HybridCamera/Info.plist;
				IPHONEOS_DEPLOYMENT_TARGET = 12.2;
				LD_RUNPATH_SEARCH_PATHS = (
					"$(inherited)",
					"@executable_path/Frameworks",
				);
				PRODUCT_BUNDLE_IDENTIFIER = codes.eon.HybridCamera;
				PRODUCT_NAME = "$(TARGET_NAME)";
				SWIFT_OPTIMIZATION_LEVEL = "-Onone";
				SWIFT_VERSION = 5.0;
				TARGETED_DEVICE_FAMILY = "1,2";
			};
			name = Debug;
		};
		F1ABBEA820D0798B008B13B5 /* Release */ = {
			isa = XCBuildConfiguration;
			buildSettings = {
				ALWAYS_EMBED_SWIFT_STANDARD_LIBRARIES = YES;
				ASSETCATALOG_COMPILER_APPICON_NAME = AppIcon;
				CLANG_ENABLE_MODULES = YES;
				CODE_SIGN_STYLE = Automatic;
				DEVELOPMENT_TEAM = B5CC9TD7P7;
				FRAMEWORK_SEARCH_PATHS = (
					"$(inherited)",
					"$(PROJECT_DIR)/Carthage/Build/iOS",
				);
				INFOPLIST_FILE = HybridCamera/Info.plist;
				IPHONEOS_DEPLOYMENT_TARGET = 12.2;
				LD_RUNPATH_SEARCH_PATHS = (
					"$(inherited)",
					"@executable_path/Frameworks",
				);
				PRODUCT_BUNDLE_IDENTIFIER = codes.eon.HybridCamera;
				PRODUCT_NAME = "$(TARGET_NAME)";
				SWIFT_VERSION = 5.0;
				TARGETED_DEVICE_FAMILY = "1,2";
			};
			name = Release;
		};
/* End XCBuildConfiguration section */

/* Begin XCConfigurationList section */
		F114ADAF21A1C27F00942A28 /* Build configuration list for PBXNativeTarget "HybridCamLib" */ = {
			isa = XCConfigurationList;
			buildConfigurations = (
				F114ADB021A1C27F00942A28 /* Debug */,
				F114ADB121A1C27F00942A28 /* Release */,
			);
			defaultConfigurationIsVisible = 0;
			defaultConfigurationName = Release;
		};
		F114ADE921A1EF0A00942A28 /* Build configuration list for PBXNativeTarget "HybridCameraTests" */ = {
			isa = XCConfigurationList;
			buildConfigurations = (
				F114ADEA21A1EF0A00942A28 /* Debug */,
				F114ADEB21A1EF0A00942A28 /* Release */,
			);
			defaultConfigurationIsVisible = 0;
			defaultConfigurationName = Release;
		};
		F1ABBE8F20D0798A008B13B5 /* Build configuration list for PBXProject "HybridCamera" */ = {
			isa = XCConfigurationList;
			buildConfigurations = (
				F1ABBEA420D0798B008B13B5 /* Debug */,
				F1ABBEA520D0798B008B13B5 /* Release */,
			);
			defaultConfigurationIsVisible = 0;
			defaultConfigurationName = Release;
		};
		F1ABBEA620D0798B008B13B5 /* Build configuration list for PBXNativeTarget "HybridCamera" */ = {
			isa = XCConfigurationList;
			buildConfigurations = (
				F1ABBEA720D0798B008B13B5 /* Debug */,
				F1ABBEA820D0798B008B13B5 /* Release */,
			);
			defaultConfigurationIsVisible = 0;
			defaultConfigurationName = Release;
		};
/* End XCConfigurationList section */
	};
	rootObject = F1ABBE8C20D0798A008B13B5 /* Project object */;
}
